
Microsoft Visual Studio Solution File, Format Version 12.00
# Visual Studio Version 17
VisualStudioVersion = 17.8.34511.84
MinimumVisualStudioVersion = 10.0.40219.1
Project("{9A19103F-16F7-4668-BE54-9A1E7A4F7556}") = "MaselaTea", "MaselaTea\MaselaTea.csproj", "{E2D8C1E6-0674-4749-A151-7618ED974A20}"
EndProject
Project("{9A19103F-16F7-4668-BE54-9A1E7A4F7556}") = "Notification.API", "Notification.API\Notification.API.csproj", "{556CA212-5CFE-4AC1-94A4-CA6D49FCC2FB}"
EndProject
Project("{2150E333-8FDC-42A3-9474-1A3956D46DE8}") = "src", "src", "{24C7DBFC-61D5-48F6-8488-E60FB513389F}"
EndProject
Project("{2150E333-8FDC-42A3-9474-1A3956D46DE8}") = "Gateway", "Gateway", "{302C21FA-3F12-43C3-A9FA-364CF627C3AB}"
EndProject
Project("{2150E333-8FDC-42A3-9474-1A3956D46DE8}") = "Services", "Services", "{F47B7054-B3AB-451B-8EFD-00E8073F100F}"
EndProject
Project("{2150E333-8FDC-42A3-9474-1A3956D46DE8}") = "Notification", "Notification", "{FEC16EC1-5822-4C8A-822C-25BDBAEB8B7E}"
EndProject
Project("{2150E333-8FDC-42A3-9474-1A3956D46DE8}") = "Shopping", "Shopping", "{613635A4-3AF4-42E9-A55A-5092FB85BFE6}"
EndProject
Project("{FAE04EC0-301F-11D3-BF4B-00C04F79EFBC}") = "Notification.Domain", "Notification.Domain\Notification.Domain.csproj", "{569C0148-E750-4170-BE8E-40F4E58D9FDE}"
EndProject
Project("{FAE04EC0-301F-11D3-BF4B-00C04F79EFBC}") = "Notification.Application", "Notification.Application\Notification.Application.csproj", "{E466BFCE-DF96-4A0C-A4AA-FCA35B79BFDA}"
EndProject
Project("{FAE04EC0-301F-11D3-BF4B-00C04F79EFBC}") = "Notification.Infrastructure", "Notification.Infrastructure\Notification.Infrastructure.csproj", "{64AE0132-5355-48BC-BF2F-FE7C7E44B8A2}"
EndProject
Global
	GlobalSection(SolutionConfigurationPlatforms) = preSolution
		Debug|Any CPU = Debug|Any CPU
		Release|Any CPU = Release|Any CPU
	EndGlobalSection
	GlobalSection(ProjectConfigurationPlatforms) = postSolution
		{E2D8C1E6-0674-4749-A151-7618ED974A20}.Debug|Any CPU.ActiveCfg = Debug|Any CPU
		{E2D8C1E6-0674-4749-A151-7618ED974A20}.Debug|Any CPU.Build.0 = Debug|Any CPU
		{E2D8C1E6-0674-4749-A151-7618ED974A20}.Release|Any CPU.ActiveCfg = Release|Any CPU
		{E2D8C1E6-0674-4749-A151-7618ED974A20}.Release|Any CPU.Build.0 = Release|Any CPU
		{556CA212-5CFE-4AC1-94A4-CA6D49FCC2FB}.Debug|Any CPU.ActiveCfg = Debug|Any CPU
		{556CA212-5CFE-4AC1-94A4-CA6D49FCC2FB}.Debug|Any CPU.Build.0 = Debug|Any CPU
		{556CA212-5CFE-4AC1-94A4-CA6D49FCC2FB}.Release|Any CPU.ActiveCfg = Release|Any CPU
		{556CA212-5CFE-4AC1-94A4-CA6D49FCC2FB}.Release|Any CPU.Build.0 = Release|Any CPU
		{569C0148-E750-4170-BE8E-40F4E58D9FDE}.Debug|Any CPU.ActiveCfg = Debug|Any CPU
		{569C0148-E750-4170-BE8E-40F4E58D9FDE}.Debug|Any CPU.Build.0 = Debug|Any CPU
		{569C0148-E750-4170-BE8E-40F4E58D9FDE}.Release|Any CPU.ActiveCfg = Release|Any CPU
		{569C0148-E750-4170-BE8E-40F4E58D9FDE}.Release|Any CPU.Build.0 = Release|Any CPU
		{E466BFCE-DF96-4A0C-A4AA-FCA35B79BFDA}.Debug|Any CPU.ActiveCfg = Debug|Any CPU
		{E466BFCE-DF96-4A0C-A4AA-FCA35B79BFDA}.Debug|Any CPU.Build.0 = Debug|Any CPU
		{E466BFCE-DF96-4A0C-A4AA-FCA35B79BFDA}.Release|Any CPU.ActiveCfg = Release|Any CPU
		{E466BFCE-DF96-4A0C-A4AA-FCA35B79BFDA}.Release|Any CPU.Build.0 = Release|Any CPU
		{64AE0132-5355-48BC-BF2F-FE7C7E44B8A2}.Debug|Any CPU.ActiveCfg = Debug|Any CPU
		{64AE0132-5355-48BC-BF2F-FE7C7E44B8A2}.Debug|Any CPU.Build.0 = Debug|Any CPU
		{64AE0132-5355-48BC-BF2F-FE7C7E44B8A2}.Release|Any CPU.ActiveCfg = Release|Any CPU
		{64AE0132-5355-48BC-BF2F-FE7C7E44B8A2}.Release|Any CPU.Build.0 = Release|Any CPU
	EndGlobalSection
	GlobalSection(SolutionProperties) = preSolution
		HideSolutionNode = FALSE
	EndGlobalSection
	GlobalSection(NestedProjects) = preSolution
		{E2D8C1E6-0674-4749-A151-7618ED974A20} = {613635A4-3AF4-42E9-A55A-5092FB85BFE6}
		{556CA212-5CFE-4AC1-94A4-CA6D49FCC2FB} = {FEC16EC1-5822-4C8A-822C-25BDBAEB8B7E}
		{302C21FA-3F12-43C3-A9FA-364CF627C3AB} = {24C7DBFC-61D5-48F6-8488-E60FB513389F}
		{F47B7054-B3AB-451B-8EFD-00E8073F100F} = {24C7DBFC-61D5-48F6-8488-E60FB513389F}
		{FEC16EC1-5822-4C8A-822C-25BDBAEB8B7E} = {F47B7054-B3AB-451B-8EFD-00E8073F100F}
		{613635A4-3AF4-42E9-A55A-5092FB85BFE6} = {F47B7054-B3AB-451B-8EFD-00E8073F100F}
		{569C0148-E750-4170-BE8E-40F4E58D9FDE} = {FEC16EC1-5822-4C8A-822C-25BDBAEB8B7E}
		{E466BFCE-DF96-4A0C-A4AA-FCA35B79BFDA} = {FEC16EC1-5822-4C8A-822C-25BDBAEB8B7E}
		{64AE0132-5355-48BC-BF2F-FE7C7E44B8A2} = {FEC16EC1-5822-4C8A-822C-25BDBAEB8B7E}
	EndGlobalSection
	GlobalSection(ExtensibilityGlobals) = postSolution
		SolutionGuid = {2A7E3AAB-5EAD-4E1F-B2DF-F78814DE449A}
	EndGlobalSection
EndGlobal
